
Microsoft Visual Studio Solution File, Format Version 12.00
# Visual Studio 15
VisualStudioVersion = 15.0.28307.1082
MinimumVisualStudioVersion = 10.0.40219.1
Project("{FAE04EC0-301F-11D3-BF4B-00C04F79EFBC}") = "Cripto-Julio-Cesar", "Cripto-Julio-Cesar\Cripto-Julio-Cesar.csproj", "{1B5447A5-5B1F-40FF-915C-B796EC2EC12C}"
EndProject
Global
	GlobalSection(SolutionConfigurationPlatforms) = preSolution
		Debug|Any CPU = Debug|Any CPU
		Release|Any CPU = Release|Any CPU
	EndGlobalSection
	GlobalSection(ProjectConfigurationPlatforms) = postSolution
		{1B5447A5-5B1F-40FF-915C-B796EC2EC12C}.Debug|Any CPU.ActiveCfg = Debug|Any CPU
		{1B5447A5-5B1F-40FF-915C-B796EC2EC12C}.Debug|Any CPU.Build.0 = Debug|Any CPU
		{1B5447A5-5B1F-40FF-915C-B796EC2EC12C}.Release|Any CPU.ActiveCfg = Release|Any CPU
		{1B5447A5-5B1F-40FF-915C-B796EC2EC12C}.Release|Any CPU.Build.0 = Release|Any CPU
	EndGlobalSection
	GlobalSection(SolutionProperties) = preSolution
		HideSolutionNode = FALSE
	EndGlobalSection
	GlobalSection(ExtensibilityGlobals) = postSolution
		SolutionGuid = {258C0749-C55F-4E78-ACA0-7AC32FC95508}
	EndGlobalSection
EndGlobal
